// !$*UTF8*$!
{
	archiveVersion = 1;
	classes = {
	};
	objectVersion = 46;
	objects = {

/* Begin PBXBuildFile section */
		3505615E1D674A7C00152631 /* Extensions.swift in Sources */ = {isa = PBXBuildFile; fileRef = 3505615D1D674A7C00152631 /* Extensions.swift */; };
		350561611D674B0400152631 /* VideoCell.swift in Sources */ = {isa = PBXBuildFile; fileRef = 350561601D674B0400152631 /* VideoCell.swift */; };
		350561641D6755B700152631 /* MenuBar.swift in Sources */ = {isa = PBXBuildFile; fileRef = 350561631D6755B700152631 /* MenuBar.swift */; };
		350561661D676E9B00152631 /* BaseCell.swift in Sources */ = {isa = PBXBuildFile; fileRef = 350561651D676E9B00152631 /* BaseCell.swift */; };
		350561681D676EF100152631 /* MenuCell.swift in Sources */ = {isa = PBXBuildFile; fileRef = 350561671D676EF100152631 /* MenuCell.swift */; };
		354373EA1D65F4F3005D28B3 /* AppDelegate.swift in Sources */ = {isa = PBXBuildFile; fileRef = 354373E91D65F4F3005D28B3 /* AppDelegate.swift */; };
		354373EC1D65F4F3005D28B3 /* HomeController.swift in Sources */ = {isa = PBXBuildFile; fileRef = 354373EB1D65F4F3005D28B3 /* HomeController.swift */; };
		354373EF1D65F4F3005D28B3 /* Main.storyboard in Resources */ = {isa = PBXBuildFile; fileRef = 354373ED1D65F4F3005D28B3 /* Main.storyboard */; };
		354373F11D65F4F3005D28B3 /* Assets.xcassets in Resources */ = {isa = PBXBuildFile; fileRef = 354373F01D65F4F3005D28B3 /* Assets.xcassets */; };
		354373F41D65F4F4005D28B3 /* LaunchScreen.storyboard in Resources */ = {isa = PBXBuildFile; fileRef = 354373F21D65F4F4005D28B3 /* LaunchScreen.storyboard */; };
		3592E8211D6847B500558DD6 /* Video.swift in Sources */ = {isa = PBXBuildFile; fileRef = 3592E8201D6847B500558DD6 /* Video.swift */; };
/* End PBXBuildFile section */

/* Begin PBXFileReference section */
		3505615D1D674A7C00152631 /* Extensions.swift */ = {isa = PBXFileReference; fileEncoding = 4; lastKnownFileType = sourcecode.swift; path = Extensions.swift; sourceTree = "<group>"; };
		350561601D674B0400152631 /* VideoCell.swift */ = {isa = PBXFileReference; fileEncoding = 4; lastKnownFileType = sourcecode.swift; path = VideoCell.swift; sourceTree = "<group>"; };
		350561631D6755B700152631 /* MenuBar.swift */ = {isa = PBXFileReference; fileEncoding = 4; lastKnownFileType = sourcecode.swift; path = MenuBar.swift; sourceTree = "<group>"; };
		350561651D676E9B00152631 /* BaseCell.swift */ = {isa = PBXFileReference; fileEncoding = 4; lastKnownFileType = sourcecode.swift; path = BaseCell.swift; sourceTree = "<group>"; };
		350561671D676EF100152631 /* MenuCell.swift */ = {isa = PBXFileReference; fileEncoding = 4; lastKnownFileType = sourcecode.swift; path = MenuCell.swift; sourceTree = "<group>"; };
		354373E61D65F4F3005D28B3 /* YouTubeClone.app */ = {isa = PBXFileReference; explicitFileType = wrapper.application; includeInIndex = 0; path = YouTubeClone.app; sourceTree = BUILT_PRODUCTS_DIR; };
		354373E91D65F4F3005D28B3 /* AppDelegate.swift */ = {isa = PBXFileReference; lastKnownFileType = sourcecode.swift; path = AppDelegate.swift; sourceTree = "<group>"; };
		354373EB1D65F4F3005D28B3 /* HomeController.swift */ = {isa = PBXFileReference; lastKnownFileType = sourcecode.swift; path = HomeController.swift; sourceTree = "<group>"; };
		354373EE1D65F4F3005D28B3 /* Base */ = {isa = PBXFileReference; lastKnownFileType = file.storyboard; name = Base; path = Base.lproj/Main.storyboard; sourceTree = "<group>"; };
		354373F01D65F4F3005D28B3 /* Assets.xcassets */ = {isa = PBXFileReference; lastKnownFileType = folder.assetcatalog; path = Assets.xcassets; sourceTree = "<group>"; };
		354373F31D65F4F4005D28B3 /* Base */ = {isa = PBXFileReference; lastKnownFileType = file.storyboard; name = Base; path = Base.lproj/LaunchScreen.storyboard; sourceTree = "<group>"; };
		354373F51D65F4F4005D28B3 /* Info.plist */ = {isa = PBXFileReference; lastKnownFileType = text.plist.xml; path = Info.plist; sourceTree = "<group>"; };
		3592E8201D6847B500558DD6 /* Video.swift */ = {isa = PBXFileReference; fileEncoding = 4; lastKnownFileType = sourcecode.swift; path = Video.swift; sourceTree = "<group>"; };
/* End PBXFileReference section */

/* Begin PBXFrameworksBuildPhase section */
		354373E31D65F4F3005D28B3 /* Frameworks */ = {
			isa = PBXFrameworksBuildPhase;
			buildActionMask = 2147483647;
			files = (
			);
			runOnlyForDeploymentPostprocessing = 0;
		};
/* End PBXFrameworksBuildPhase section */

/* Begin PBXGroup section */
		3505615C1D674A6F00152631 /* Helpers */ = {
			isa = PBXGroup;
			children = (
				3505615D1D674A7C00152631 /* Extensions.swift */,
			);
			name = Helpers;
			sourceTree = "<group>";
		};
		3505615F1D674AEA00152631 /* view */ = {
			isa = PBXGroup;
			children = (
				350561601D674B0400152631 /* VideoCell.swift */,
				350561631D6755B700152631 /* MenuBar.swift */,
				350561651D676E9B00152631 /* BaseCell.swift */,
				350561671D676EF100152631 /* MenuCell.swift */,
			);
			name = view;
			sourceTree = "<group>";
		};
		350561621D674B4A00152631 /* controller */ = {
			isa = PBXGroup;
			children = (
				354373EB1D65F4F3005D28B3 /* HomeController.swift */,
			);
			name = controller;
			sourceTree = "<group>";
		};
		354373DD1D65F4F3005D28B3 = {
			isa = PBXGroup;
			children = (
				354373E81D65F4F3005D28B3 /* YouTubeClone */,
				354373E71D65F4F3005D28B3 /* Products */,
			);
			sourceTree = "<group>";
		};
		354373E71D65F4F3005D28B3 /* Products */ = {
			isa = PBXGroup;
			children = (
				354373E61D65F4F3005D28B3 /* YouTubeClone.app */,
			);
			name = Products;
			sourceTree = "<group>";
		};
		354373E81D65F4F3005D28B3 /* YouTubeClone */ = {
			isa = PBXGroup;
			children = (
				3592E81F1D6847A900558DD6 /* modal */,
				350561621D674B4A00152631 /* controller */,
				3505615F1D674AEA00152631 /* view */,
				3505615C1D674A6F00152631 /* Helpers */,
				354373E91D65F4F3005D28B3 /* AppDelegate.swift */,
				354373ED1D65F4F3005D28B3 /* Main.storyboard */,
				354373F01D65F4F3005D28B3 /* Assets.xcassets */,
				354373F21D65F4F4005D28B3 /* LaunchScreen.storyboard */,
				354373F51D65F4F4005D28B3 /* Info.plist */,
			);
			path = YouTubeClone;
			sourceTree = "<group>";
		};
		3592E81F1D6847A900558DD6 /* modal */ = {
			isa = PBXGroup;
			children = (
				3592E8201D6847B500558DD6 /* Video.swift */,
			);
			name = modal;
			sourceTree = "<group>";
		};
/* End PBXGroup section */

/* Begin PBXNativeTarget section */
		354373E51D65F4F3005D28B3 /* YouTubeClone */ = {
			isa = PBXNativeTarget;
			buildConfigurationList = 354373F81D65F4F4005D28B3 /* Build configuration list for PBXNativeTarget "YouTubeClone" */;
			buildPhases = (
				354373E21D65F4F3005D28B3 /* Sources */,
				354373E31D65F4F3005D28B3 /* Frameworks */,
				354373E41D65F4F3005D28B3 /* Resources */,
			);
			buildRules = (
			);
			dependencies = (
			);
			name = YouTubeClone;
			productName = YouTubeClone;
			productReference = 354373E61D65F4F3005D28B3 /* YouTubeClone.app */;
			productType = "com.apple.product-type.application";
		};
/* End PBXNativeTarget section */

/* Begin PBXProject section */
		354373DE1D65F4F3005D28B3 /* Project object */ = {
			isa = PBXProject;
			attributes = {
				LastSwiftUpdateCheck = 0730;
				LastUpgradeCheck = 0730;
				ORGANIZATIONNAME = metricstream;
				TargetAttributes = {
					354373E51D65F4F3005D28B3 = {
						CreatedOnToolsVersion = 7.3.1;
					};
				};
			};
			buildConfigurationList = 354373E11D65F4F3005D28B3 /* Build configuration list for PBXProject "YouTubeClone" */;
			compatibilityVersion = "Xcode 3.2";
			developmentRegion = English;
			hasScannedForEncodings = 0;
			knownRegions = (
				en,
				Base,
			);
			mainGroup = 354373DD1D65F4F3005D28B3;
			productRefGroup = 354373E71D65F4F3005D28B3 /* Products */;
			projectDirPath = "";
			projectRoot = "";
			targets = (
				354373E51D65F4F3005D28B3 /* YouTubeClone */,
			);
		};
/* End PBXProject section */

/* Begin PBXResourcesBuildPhase section */
		354373E41D65F4F3005D28B3 /* Resources */ = {
			isa = PBXResourcesBuildPhase;
			buildActionMask = 2147483647;
			files = (
				354373F41D65F4F4005D28B3 /* LaunchScreen.storyboard in Resources */,
				354373F11D65F4F3005D28B3 /* Assets.xcassets in Resources */,
				354373EF1D65F4F3005D28B3 /* Main.storyboard in Resources */,
			);
			runOnlyForDeploymentPostprocessing = 0;
		};
/* End PBXResourcesBuildPhase section */

/* Begin PBXSourcesBuildPhase section */
		354373E21D65F4F3005D28B3 /* Sources */ = {
			isa = PBXSourcesBuildPhase;
			buildActionMask = 2147483647;
			files = (
				350561681D676EF100152631 /* MenuCell.swift in Sources */,
				354373EC1D65F4F3005D28B3 /* HomeController.swift in Sources */,
				350561611D674B0400152631 /* VideoCell.swift in Sources */,
				3505615E1D674A7C00152631 /* Extensions.swift in Sources */,
				354373EA1D65F4F3005D28B3 /* AppDelegate.swift in Sources */,
				3592E8211D6847B500558DD6 /* Video.swift in Sources */,
				350561661D676E9B00152631 /* BaseCell.swift in Sources */,
				350561641D6755B700152631 /* MenuBar.swift in Sources */,
			);
			runOnlyForDeploymentPostprocessing = 0;
		};
/* End PBXSourcesBuildPhase section */

/* Begin PBXVariantGroup section */
		354373ED1D65F4F3005D28B3 /* Main.storyboard */ = {
			isa = PBXVariantGroup;
			children = (
				354373EE1D65F4F3005D28B3 /* Base */,
			);
			name = Main.storyboard;
			sourceTree = "<group>";
		};
		354373F21D65F4F4005D28B3 /* LaunchScreen.storyboard */ = {
			isa = PBXVariantGroup;
			children = (
				354373F31D65F4F4005D28B3 /* Base */,
			);
			name = LaunchScreen.storyboard;
			sourceTree = "<group>";
		};
/* End PBXVariantGroup section */

/* Begin XCBuildConfiguration section */
		354373F61D65F4F4005D28B3 /* Debug */ = {
			isa = XCBuildConfiguration;
			buildSettings = {
				ALWAYS_SEARCH_USER_PATHS = NO;
				CLANG_ANALYZER_NONNULL = YES;
				CLANG_CXX_LANGUAGE_STANDARD = "gnu++0x";
				CLANG_CXX_LIBRARY = "libc++";
				CLANG_ENABLE_MODULES = YES;
				CLANG_ENABLE_OBJC_ARC = YES;
				CLANG_WARN_BOOL_CONVERSION = YES;
				CLANG_WARN_CONSTANT_CONVERSION = YES;
				CLANG_WARN_DIRECT_OBJC_ISA_USAGE = YES_ERROR;
				CLANG_WARN_EMPTY_BODY = YES;
				CLANG_WARN_ENUM_CONVERSION = YES;
				CLANG_WARN_INT_CONVERSION = YES;
				CLANG_WARN_OBJC_ROOT_CLASS = YES_ERROR;
				CLANG_WARN_UNREACHABLE_CODE = YES;
				CLANG_WARN__DUPLICATE_METHOD_MATCH = YES;
				"CODE_SIGN_IDENTITY[sdk=iphoneos*]" = "iPhone Developer";
				COPY_PHASE_STRIP = NO;
				DEBUG_INFORMATION_FORMAT = dwarf;
				ENABLE_STRICT_OBJC_MSGSEND = YES;
				ENABLE_TESTABILITY = YES;
				GCC_C_LANGUAGE_STANDARD = gnu99;
				GCC_DYNAMIC_NO_PIC = NO;
				GCC_NO_COMMON_BLOCKS = YES;
				GCC_OPTIMIZATION_LEVEL = 0;
				GCC_PREPROCESSOR_DEFINITIONS = (
					"DEBUG=1",
					"$(inherited)",
				);
				GCC_WARN_64_TO_32_BIT_CONVERSION = YES;
				GCC_WARN_ABOUT_RETURN_TYPE = YES_ERROR;
				GCC_WARN_UNDECLARED_SELECTOR = YES;
				GCC_WARN_UNINITIALIZED_AUTOS = YES_AGGRESSIVE;
				GCC_WARN_UNUSED_FUNCTION = YES;
				GCC_WARN_UNUSED_VARIABLE = YES;
				IPHONEOS_DEPLOYMENT_TARGET = 9.3;
				MTL_ENABLE_DEBUG_INFO = YES;
				ONLY_ACTIVE_ARCH = YES;
				SDKROOT = iphoneos;
				SWIFT_OPTIMIZATION_LEVEL = "-Onone";
				TARGETED_DEVICE_FAMILY = "1,2";
			};
			name = Debug;
		};
		354373F71D65F4F4005D28B3 /* Release */ = {
			isa = XCBuildConfiguration;
			buildSettings = {
				ALWAYS_SEARCH_USER_PATHS = NO;
				CLANG_ANALYZER_NONNULL = YES;
				CLANG_CXX_LANGUAGE_STANDARD = "gnu++0x";
				CLANG_CXX_LIBRARY = "libc++";
				CLANG_ENABLE_MODULES = YES;
				CLANG_ENABLE_OBJC_ARC = YES;
				CLANG_WARN_BOOL_CONVERSION = YES;
				CLANG_WARN_CONSTANT_CONVERSION = YES;
				CLANG_WARN_DIRECT_OBJC_ISA_USAGE = YES_ERROR;
				CLANG_WARN_EMPTY_BODY = YES;
				CLANG_WARN_ENUM_CONVERSION = YES;
				CLANG_WARN_INT_CONVERSION = YES;
				CLANG_WARN_OBJC_ROOT_CLASS = YES_ERROR;
				CLANG_WARN_UNREACHABLE_CODE = YES;
				CLANG_WARN__DUPLICATE_METHOD_MATCH = YES;
				"CODE_SIGN_IDENTITY[sdk=iphoneos*]" = "iPhone Developer";
				COPY_PHASE_STRIP = NO;
				DEBUG_INFORMATION_FORMAT = "dwarf-with-dsym";
				ENABLE_NS_ASSERTIONS = NO;
				ENABLE_STRICT_OBJC_MSGSEND = YES;
				GCC_C_LANGUAGE_STANDARD = gnu99;
				GCC_NO_COMMON_BLOCKS = YES;
				GCC_WARN_64_TO_32_BIT_CONVERSION = YES;
				GCC_WARN_ABOUT_RETURN_TYPE = YES_ERROR;
				GCC_WARN_UNDECLARED_SELECTOR = YES;
				GCC_WARN_UNINITIALIZED_AUTOS = YES_AGGRESSIVE;
				GCC_WARN_UNUSED_FUNCTION = YES;
				GCC_WARN_UNUSED_VARIABLE = YES;
				IPHONEOS_DEPLOYMENT_TARGET = 9.3;
				MTL_ENABLE_DEBUG_INFO = NO;
				SDKROOT = iphoneos;
				TARGETED_DEVICE_FAMILY = "1,2";
				VALIDATE_PRODUCT = YES;
			};
			name = Release;
		};
		354373F91D65F4F4005D28B3 /* Debug */ = {
			isa = XCBuildConfiguration;
			buildSettings = {
				ASSETCATALOG_COMPILER_APPICON_NAME = AppIcon;
				INFOPLIST_FILE = YouTubeClone/Info.plist;
				LD_RUNPATH_SEARCH_PATHS = "$(inherited) @executable_path/Frameworks";
				PRODUCT_BUNDLE_IDENTIFIER = com.metricstream.YouTubeClone;
				PRODUCT_NAME = "$(TARGET_NAME)";
			};
			name = Debug;
		};
		354373FA1D65F4F4005D28B3 /* Release */ = {
			isa = XCBuildConfiguration;
			buildSettings = {
				ASSETCATALOG_COMPILER_APPICON_NAME = AppIcon;
				INFOPLIST_FILE = YouTubeClone/Info.plist;
				LD_RUNPATH_SEARCH_PATHS = "$(inherited) @executable_path/Frameworks";
				PRODUCT_BUNDLE_IDENTIFIER = com.metricstream.YouTubeClone;
				PRODUCT_NAME = "$(TARGET_NAME)";
			};
			name = Release;
		};
/* End XCBuildConfiguration section */

/* Begin XCConfigurationList section */
		354373E11D65F4F3005D28B3 /* Build configuration list for PBXProject "YouTubeClone" */ = {
			isa = XCConfigurationList;
			buildConfigurations = (
				354373F61D65F4F4005D28B3 /* Debug */,
				354373F71D65F4F4005D28B3 /* Release */,
			);
			defaultConfigurationIsVisible = 0;
			defaultConfigurationName = Release;
		};
		354373F81D65F4F4005D28B3 /* Build configuration list for PBXNativeTarget "YouTubeClone" */ = {
			isa = XCConfigurationList;
			buildConfigurations = (
				354373F91D65F4F4005D28B3 /* Debug */,
				354373FA1D65F4F4005D28B3 /* Release */,
			);
			defaultConfigurationIsVisible = 0;
			defaultConfigurationName = Release;
		};
/* End XCConfigurationList section */
	};
	rootObject = 354373DE1D65F4F3005D28B3 /* Project object */;
}
